
Microsoft Visual Studio Solution File, Format Version 12.00
# Visual Studio Version 17
VisualStudioVersion = 17.14.36429.23 d17.14
MinimumVisualStudioVersion = 10.0.40219.1
Project("{FAE04EC0-301F-11D3-BF4B-00C04F79EFBC}") = "mtzkit", "mtzkit\mtzkit.csproj", "{2EB42424-8193-46E1-966D-332307165352}"
EndProject
Global
	GlobalSection(SolutionConfigurationPlatforms) = preSolution
		Debug|Any CPU = Debug|Any CPU
		Release|Any CPU = Release|Any CPU
	EndGlobalSection
	GlobalSection(ProjectConfigurationPlatforms) = postSolution
		{2EB42424-8193-46E1-966D-332307165352}.Debug|Any CPU.ActiveCfg = Debug|Any CPU
		{2EB42424-8193-46E1-966D-332307165352}.Debug|Any CPU.Build.0 = Debug|Any CPU
		{2EB42424-8193-46E1-966D-332307165352}.Release|Any CPU.ActiveCfg = Release|Any CPU
		{2EB42424-8193-46E1-966D-332307165352}.Release|Any CPU.Build.0 = Release|Any CPU
	EndGlobalSection
	GlobalSection(SolutionProperties) = preSolution
		HideSolutionNode = FALSE
	EndGlobalSection
	GlobalSection(ExtensibilityGlobals) = postSolution
		SolutionGuid = {E39B50CD-E87E-409E-8FBE-78B890291F12}
	EndGlobalSection
EndGlobal
